Microsoft Visual Studio Solution File, Format Version 12.00
# Visual Studio Version 17
VisualStudioVersion = 17.5.2.0
MinimumVisualStudioVersion = 10.0.40219.1
Project("{FAE04EC0-301F-11D3-BF4B-00C04F79EFBC}") = "gaderypoluki", "gaderypoluki\gaderypoluki.csproj", "{B5D1E9FF-358F-36C0-0AC0-F808E149B9A3}"
EndProject
Project("{FAE04EC0-301F-11D3-BF4B-00C04F79EFBC}") = "gaderypoluki.Test", "gaderypoluki.Test\gaderypoluki.Test.csproj", "{194AD219-3C2C-466D-A222-2A6574477493}"
EndProject
Global
	GlobalSection(SolutionConfigurationPlatforms) = preSolution
		Debug|Any CPU = Debug|Any CPU
		Release|Any CPU = Release|Any CPU
	EndGlobalSection
	GlobalSection(ProjectConfigurationPlatforms) = postSolution
		{B5D1E9FF-358F-36C0-0AC0-F808E149B9A3}.Debug|Any CPU.ActiveCfg = Debug|Any CPU
		{B5D1E9FF-358F-36C0-0AC0-F808E149B9A3}.Debug|Any CPU.Build.0 = Debug|Any CPU
		{B5D1E9FF-358F-36C0-0AC0-F808E149B9A3}.Release|Any CPU.ActiveCfg = Release|Any CPU
		{B5D1E9FF-358F-36C0-0AC0-F808E149B9A3}.Release|Any CPU.Build.0 = Release|Any CPU
		{194AD219-3C2C-466D-A222-2A6574477493}.Debug|Any CPU.ActiveCfg = Debug|Any CPU
		{194AD219-3C2C-466D-A222-2A6574477493}.Debug|Any CPU.Build.0 = Debug|Any CPU
		{194AD219-3C2C-466D-A222-2A6574477493}.Release|Any CPU.ActiveCfg = Release|Any CPU
		{194AD219-3C2C-466D-A222-2A6574477493}.Release|Any CPU.Build.0 = Release|Any CPU
	EndGlobalSection
	GlobalSection(SolutionProperties) = preSolution
		HideSolutionNode = FALSE
	EndGlobalSection
	GlobalSection(ExtensibilityGlobals) = postSolution
		SolutionGuid = {1149E859-77C2-485B-9E31-B462F8446BAE}
	EndGlobalSection
EndGlobal
